
Microsoft Visual Studio Solution File, Format Version 12.00
# Visual Studio Version 17
VisualStudioVersion = 17.6.33829.357
MinimumVisualStudioVersion = 10.0.40219.1
Project("{8BC9CEB8-8B4A-11D0-8D11-00A0C91BC942}") = "Base", "Base\Base.vcxproj", "{B92B9866-D1E2-4CA1-BA3C-3DC05D915B98}"
EndProject
Project("{8BC9CEB8-8B4A-11D0-8D11-00A0C91BC942}") = "Thirdparty", "Thirdparty\Thirdparty.vcxproj", "{15BC1DF4-EE1B-423E-AB46-E695AEA56326}"
EndProject
Project("{8BC9CEB8-8B4A-11D0-8D11-00A0C91BC942}") = "Tests", "Tests\Tests.vcxproj", "{3FC3110F-50E3-4690-BD22-0B2F55BA4910}"
EndProject
Project("{8BC9CEB8-8B4A-11D0-8D11-00A0C91BC942}") = "Bonfire", "Bonfire\Bonfire.vcxproj", "{50E62FC4-D085-4ECF-9DAF-84A405445994}"
EndProject
Project("{2150E333-8FDC-42A3-9474-1A3956D46DE8}") = "Samples", "Samples", "{2E64E304-2C7F-4E62-8D9C-078CBC04A7F1}"
EndProject
Project("{8BC9CEB8-8B4A-11D0-8D11-00A0C91BC942}") = "BygoneLight", "BygoneLight\BygoneLight.vcxproj", "{BEC06DFE-3964-41F1-A085-6DEBB3E8677E}"
EndProject
Project("{8BC9CEB8-8B4A-11D0-8D11-00A0C91BC942}") = "Barn", "Barn\Barn.vcxproj", "{5AD4534B-FA8D-48C6-A567-79BC5D470642}"
EndProject
Global
	GlobalSection(SolutionConfigurationPlatforms) = preSolution
		Debug|x64 = Debug|x64
		Debug|x86 = Debug|x86
		Release|x64 = Release|x64
		Release|x86 = Release|x86
	EndGlobalSection
	GlobalSection(ProjectConfigurationPlatforms) = postSolution
		{B92B9866-D1E2-4CA1-BA3C-3DC05D915B98}.Debug|x64.ActiveCfg = Debug|x64
		{B92B9866-D1E2-4CA1-BA3C-3DC05D915B98}.Debug|x64.Build.0 = Debug|x64
		{B92B9866-D1E2-4CA1-BA3C-3DC05D915B98}.Debug|x86.ActiveCfg = Debug|Win32
		{B92B9866-D1E2-4CA1-BA3C-3DC05D915B98}.Debug|x86.Build.0 = Debug|Win32
		{B92B9866-D1E2-4CA1-BA3C-3DC05D915B98}.Release|x64.ActiveCfg = Release|x64
		{B92B9866-D1E2-4CA1-BA3C-3DC05D915B98}.Release|x64.Build.0 = Release|x64
		{B92B9866-D1E2-4CA1-BA3C-3DC05D915B98}.Release|x86.ActiveCfg = Release|Win32
		{B92B9866-D1E2-4CA1-BA3C-3DC05D915B98}.Release|x86.Build.0 = Release|Win32
		{15BC1DF4-EE1B-423E-AB46-E695AEA56326}.Debug|x64.ActiveCfg = Debug|x64
		{15BC1DF4-EE1B-423E-AB46-E695AEA56326}.Debug|x64.Build.0 = Debug|x64
		{15BC1DF4-EE1B-423E-AB46-E695AEA56326}.Debug|x86.ActiveCfg = Debug|Win32
		{15BC1DF4-EE1B-423E-AB46-E695AEA56326}.Debug|x86.Build.0 = Debug|Win32
		{15BC1DF4-EE1B-423E-AB46-E695AEA56326}.Release|x64.ActiveCfg = Release|x64
		{15BC1DF4-EE1B-423E-AB46-E695AEA56326}.Release|x64.Build.0 = Release|x64
		{15BC1DF4-EE1B-423E-AB46-E695AEA56326}.Release|x86.ActiveCfg = Release|Win32
		{15BC1DF4-EE1B-423E-AB46-E695AEA56326}.Release|x86.Build.0 = Release|Win32
		{3FC3110F-50E3-4690-BD22-0B2F55BA4910}.Debug|x64.ActiveCfg = Debug|x64
		{3FC3110F-50E3-4690-BD22-0B2F55BA4910}.Debug|x64.Build.0 = Debug|x64
		{3FC3110F-50E3-4690-BD22-0B2F55BA4910}.Debug|x86.ActiveCfg = Debug|Win32
		{3FC3110F-50E3-4690-BD22-0B2F55BA4910}.Debug|x86.Build.0 = Debug|Win32
		{3FC3110F-50E3-4690-BD22-0B2F55BA4910}.Release|x64.ActiveCfg = Release|x64
		{3FC3110F-50E3-4690-BD22-0B2F55BA4910}.Release|x64.Build.0 = Release|x64
		{3FC3110F-50E3-4690-BD22-0B2F55BA4910}.Release|x86.ActiveCfg = Release|Win32
		{3FC3110F-50E3-4690-BD22-0B2F55BA4910}.Release|x86.Build.0 = Release|Win32
		{50E62FC4-D085-4ECF-9DAF-84A405445994}.Debug|x64.ActiveCfg = Debug|x64
		{50E62FC4-D085-4ECF-9DAF-84A405445994}.Debug|x64.Build.0 = Debug|x64
		{50E62FC4-D085-4ECF-9DAF-84A405445994}.Debug|x86.ActiveCfg = Debug|Win32
		{50E62FC4-D085-4ECF-9DAF-84A405445994}.Debug|x86.Build.0 = Debug|Win32
		{50E62FC4-D085-4ECF-9DAF-84A405445994}.Release|x64.ActiveCfg = Release|x64
		{50E62FC4-D085-4ECF-9DAF-84A405445994}.Release|x64.Build.0 = Release|x64
		{50E62FC4-D085-4ECF-9DAF-84A405445994}.Release|x86.ActiveCfg = Release|Win32
		{50E62FC4-D085-4ECF-9DAF-84A405445994}.Release|x86.Build.0 = Release|Win32
		{BEC06DFE-3964-41F1-A085-6DEBB3E8677E}.Debug|x64.ActiveCfg = Debug|x64
		{BEC06DFE-3964-41F1-A085-6DEBB3E8677E}.Debug|x64.Build.0 = Debug|x64
		{BEC06DFE-3964-41F1-A085-6DEBB3E8677E}.Debug|x86.ActiveCfg = Debug|Win32
		{BEC06DFE-3964-41F1-A085-6DEBB3E8677E}.Debug|x86.Build.0 = Debug|Win32
		{BEC06DFE-3964-41F1-A085-6DEBB3E8677E}.Release|x64.ActiveCfg = Release|x64
		{BEC06DFE-3964-41F1-A085-6DEBB3E8677E}.Release|x64.Build.0 = Release|x64
		{BEC06DFE-3964-41F1-A085-6DEBB3E8677E}.Release|x86.ActiveCfg = Release|Win32
		{BEC06DFE-3964-41F1-A085-6DEBB3E8677E}.Release|x86.Build.0 = Release|Win32
		{5AD4534B-FA8D-48C6-A567-79BC5D470642}.Debug|x64.ActiveCfg = Debug|x64
		{5AD4534B-FA8D-48C6-A567-79BC5D470642}.Debug|x64.Build.0 = Debug|x64
		{5AD4534B-FA8D-48C6-A567-79BC5D470642}.Debug|x86.ActiveCfg = Debug|Win32
		{5AD4534B-FA8D-48C6-A567-79BC5D470642}.Debug|x86.Build.0 = Debug|Win32
		{5AD4534B-FA8D-48C6-A567-79BC5D470642}.Release|x64.ActiveCfg = Release|x64
		{5AD4534B-FA8D-48C6-A567-79BC5D470642}.Release|x64.Build.0 = Release|x64
		{5AD4534B-FA8D-48C6-A567-79BC5D470642}.Release|x86.ActiveCfg = Release|Win32
		{5AD4534B-FA8D-48C6-A567-79BC5D470642}.Release|x86.Build.0 = Release|Win32
	EndGlobalSection
	GlobalSection(SolutionProperties) = preSolution
		HideSolutionNode = FALSE
	EndGlobalSection
	GlobalSection(NestedProjects) = preSolution
		{3FC3110F-50E3-4690-BD22-0B2F55BA4910} = {2E64E304-2C7F-4E62-8D9C-078CBC04A7F1}
		{BEC06DFE-3964-41F1-A085-6DEBB3E8677E} = {2E64E304-2C7F-4E62-8D9C-078CBC04A7F1}
	EndGlobalSection
	GlobalSection(ExtensibilityGlobals) = postSolution
		SolutionGuid = {D2ABF185-6367-4BA8-BB4D-0F2FFE5698E9}
	EndGlobalSection
EndGlobal
